
Microsoft Visual Studio Solution File, Format Version 12.00
# Visual Studio 15
VisualStudioVersion = 15.0.27130.2010
MinimumVisualStudioVersion = 10.0.40219.1
Project("{9A19103F-16F7-4668-BE54-9A1E7A4F7556}") = "Snai.GrpcService.Protocol", "Snai.GrpcService.Protocol\Snai.GrpcService.Protocol.csproj", "{A8DD89E9-C774-4E35-95A5-DB9D4AAA7CC4}"
EndProject
Project("{FAE04EC0-301F-11D3-BF4B-00C04F79EFBC}") = "InstallGrpc", "InstallGrpc\InstallGrpc.csproj", "{F3E8EB5E-8F87-4845-8817-FBA765F7EF87}"
EndProject
Project("{FAE04EC0-301F-11D3-BF4B-00C04F79EFBC}") = "Snai.GrpcService.Impl", "Snai.GrpcService.Impl\Snai.GrpcService.Impl.csproj", "{92292594-A4DD-4859-911E-8AFF24694F3D}"
EndProject
Project("{FAE04EC0-301F-11D3-BF4B-00C04F79EFBC}") = "Snai.GrpcService.Hosting", "Snai.GrpcService.Hosting\Snai.GrpcService.Hosting.csproj", "{557B5A7B-D5A6-4B6E-83BD-1DD2B711AE76}"
EndProject
Project("{FAE04EC0-301F-11D3-BF4B-00C04F79EFBC}") = "Snai.GrpcClient", "Snai.GrpcClient\Snai.GrpcClient.csproj", "{0E83AC8D-DBB9-437D-9B80-C9F25733A4BA}"
EndProject
Global
	GlobalSection(SolutionConfigurationPlatforms) = preSolution
		Debug|Any CPU = Debug|Any CPU
		Release|Any CPU = Release|Any CPU
	EndGlobalSection
	GlobalSection(ProjectConfigurationPlatforms) = postSolution
		{A8DD89E9-C774-4E35-95A5-DB9D4AAA7CC4}.Debug|Any CPU.ActiveCfg = Debug|Any CPU
		{A8DD89E9-C774-4E35-95A5-DB9D4AAA7CC4}.Debug|Any CPU.Build.0 = Debug|Any CPU
		{A8DD89E9-C774-4E35-95A5-DB9D4AAA7CC4}.Release|Any CPU.ActiveCfg = Release|Any CPU
		{A8DD89E9-C774-4E35-95A5-DB9D4AAA7CC4}.Release|Any CPU.Build.0 = Release|Any CPU
		{F3E8EB5E-8F87-4845-8817-FBA765F7EF87}.Debug|Any CPU.ActiveCfg = Debug|Any CPU
		{F3E8EB5E-8F87-4845-8817-FBA765F7EF87}.Debug|Any CPU.Build.0 = Debug|Any CPU
		{F3E8EB5E-8F87-4845-8817-FBA765F7EF87}.Release|Any CPU.ActiveCfg = Release|Any CPU
		{F3E8EB5E-8F87-4845-8817-FBA765F7EF87}.Release|Any CPU.Build.0 = Release|Any CPU
		{92292594-A4DD-4859-911E-8AFF24694F3D}.Debug|Any CPU.ActiveCfg = Debug|Any CPU
		{92292594-A4DD-4859-911E-8AFF24694F3D}.Debug|Any CPU.Build.0 = Debug|Any CPU
		{92292594-A4DD-4859-911E-8AFF24694F3D}.Release|Any CPU.ActiveCfg = Release|Any CPU
		{92292594-A4DD-4859-911E-8AFF24694F3D}.Release|Any CPU.Build.0 = Release|Any CPU
		{557B5A7B-D5A6-4B6E-83BD-1DD2B711AE76}.Debug|Any CPU.ActiveCfg = Debug|Any CPU
		{557B5A7B-D5A6-4B6E-83BD-1DD2B711AE76}.Debug|Any CPU.Build.0 = Debug|Any CPU
		{557B5A7B-D5A6-4B6E-83BD-1DD2B711AE76}.Release|Any CPU.ActiveCfg = Release|Any CPU
		{557B5A7B-D5A6-4B6E-83BD-1DD2B711AE76}.Release|Any CPU.Build.0 = Release|Any CPU
		{0E83AC8D-DBB9-437D-9B80-C9F25733A4BA}.Debug|Any CPU.ActiveCfg = Debug|Any CPU
		{0E83AC8D-DBB9-437D-9B80-C9F25733A4BA}.Debug|Any CPU.Build.0 = Debug|Any CPU
		{0E83AC8D-DBB9-437D-9B80-C9F25733A4BA}.Release|Any CPU.ActiveCfg = Release|Any CPU
		{0E83AC8D-DBB9-437D-9B80-C9F25733A4BA}.Release|Any CPU.Build.0 = Release|Any CPU
	EndGlobalSection
	GlobalSection(SolutionProperties) = preSolution
		HideSolutionNode = FALSE
	EndGlobalSection
	GlobalSection(ExtensibilityGlobals) = postSolution
		SolutionGuid = {D69BECED-276D-48B2-AFE2-FCDFEFC0FB73}
	EndGlobalSection
EndGlobal
